
Microsoft Visual Studio Solution File, Format Version 12.00
# Visual Studio Version 17
VisualStudioVersion = 17.3.32922.545
MinimumVisualStudioVersion = 10.0.40219.1
Project("{FAE04EC0-301F-11D3-BF4B-00C04F79EFBC}") = "Tugas Minggu 4", "Tugas Minggu 4\Tugas Minggu 4.csproj", "{82538631-85DC-4C72-A8C8-8E428D30F3CC}"
EndProject
Global
	GlobalSection(SolutionConfigurationPlatforms) = preSolution
		Debug|Any CPU = Debug|Any CPU
		Release|Any CPU = Release|Any CPU
	EndGlobalSection
	GlobalSection(ProjectConfigurationPlatforms) = postSolution
		{82538631-85DC-4C72-A8C8-8E428D30F3CC}.Debug|Any CPU.ActiveCfg = Debug|Any CPU
		{82538631-85DC-4C72-A8C8-8E428D30F3CC}.Debug|Any CPU.Build.0 = Debug|Any CPU
		{82538631-85DC-4C72-A8C8-8E428D30F3CC}.Release|Any CPU.ActiveCfg = Release|Any CPU
		{82538631-85DC-4C72-A8C8-8E428D30F3CC}.Release|Any CPU.Build.0 = Release|Any CPU
	EndGlobalSection
	GlobalSection(SolutionProperties) = preSolution
		HideSolutionNode = FALSE
	EndGlobalSection
	GlobalSection(ExtensibilityGlobals) = postSolution
		SolutionGuid = {C114B04B-42A1-413D-8BF7-36A7815B4E39}
	EndGlobalSection
EndGlobal
