
Microsoft Visual Studio Solution File, Format Version 12.00
# Visual Studio Version 17
VisualStudioVersion = 17.3.32922.545
MinimumVisualStudioVersion = 10.0.40219.1
Project("{FAE04EC0-301F-11D3-BF4B-00C04F79EFBC}") = "TugasPertemuan3", "TugasPertemuan3\TugasPertemuan3.csproj", "{5C6D5CE3-885C-463B-AE8A-7630BAC794DD}"
EndProject
Global
	GlobalSection(SolutionConfigurationPlatforms) = preSolution
		Debug|Any CPU = Debug|Any CPU
		Release|Any CPU = Release|Any CPU
	EndGlobalSection
	GlobalSection(ProjectConfigurationPlatforms) = postSolution
		{5C6D5CE3-885C-463B-AE8A-7630BAC794DD}.Debug|Any CPU.ActiveCfg = Debug|Any CPU
		{5C6D5CE3-885C-463B-AE8A-7630BAC794DD}.Debug|Any CPU.Build.0 = Debug|Any CPU
		{5C6D5CE3-885C-463B-AE8A-7630BAC794DD}.Release|Any CPU.ActiveCfg = Release|Any CPU
		{5C6D5CE3-885C-463B-AE8A-7630BAC794DD}.Release|Any CPU.Build.0 = Release|Any CPU
	EndGlobalSection
	GlobalSection(SolutionProperties) = preSolution
		HideSolutionNode = FALSE
	EndGlobalSection
	GlobalSection(ExtensibilityGlobals) = postSolution
		SolutionGuid = {44666497-9669-4F64-8387-3E80437BD149}
	EndGlobalSection
EndGlobal
